
Microsoft Visual Studio Solution File, Format Version 12.00
# Visual Studio Version 16
VisualStudioVersion = 16.0.31313.79
MinimumVisualStudioVersion = 10.0.40219.1
Project("{8BC9CEB8-8B4A-11D0-8D11-00A0C91BC942}") = "PropertyTest", "PropertyTest\PropertyTest.vcxproj", "{F191D2FF-B6DF-4F31-98EA-3227070605AA}"
EndProject
Global
	GlobalSection(SolutionConfigurationPlatforms) = preSolution
		Debug|x64 = Debug|x64
		Debug|x86 = Debug|x86
		Release|x64 = Release|x64
		Release|x86 = Release|x86
	EndGlobalSection
	GlobalSection(ProjectConfigurationPlatforms) = postSolution
		{F191D2FF-B6DF-4F31-98EA-3227070605AA}.Debug|x64.ActiveCfg = Debug|x64
		{F191D2FF-B6DF-4F31-98EA-3227070605AA}.Debug|x64.Build.0 = Debug|x64
		{F191D2FF-B6DF-4F31-98EA-3227070605AA}.Debug|x86.ActiveCfg = Debug|Win32
		{F191D2FF-B6DF-4F31-98EA-3227070605AA}.Debug|x86.Build.0 = Debug|Win32
		{F191D2FF-B6DF-4F31-98EA-3227070605AA}.Release|x64.ActiveCfg = Release|x64
		{F191D2FF-B6DF-4F31-98EA-3227070605AA}.Release|x64.Build.0 = Release|x64
		{F191D2FF-B6DF-4F31-98EA-3227070605AA}.Release|x86.ActiveCfg = Release|Win32
		{F191D2FF-B6DF-4F31-98EA-3227070605AA}.Release|x86.Build.0 = Release|Win32
	EndGlobalSection
	GlobalSection(SolutionProperties) = preSolution
		HideSolutionNode = FALSE
	EndGlobalSection
	GlobalSection(ExtensibilityGlobals) = postSolution
		SolutionGuid = {9350375E-2E07-4365-9262-4E01851022CB}
	EndGlobalSection
EndGlobal
